Microsoft Visual Studio Solution File, Format Version 12.00
# Visual Studio Version 17
VisualStudioVersion = 17.5.2.0
MinimumVisualStudioVersion = 10.0.40219.1
Project("{FAE04EC0-301F-11D3-BF4B-00C04F79EFBC}") = "1-amaliy_vazifa", "1-amaliy_vazifa.csproj", "{CCE9111D-9903-83F9-5F92-E0826F24E60A}"
EndProject
Global
	GlobalSection(SolutionConfigurationPlatforms) = preSolution
		Debug|Any CPU = Debug|Any CPU
		Release|Any CPU = Release|Any CPU
	EndGlobalSection
	GlobalSection(ProjectConfigurationPlatforms) = postSolution
		{CCE9111D-9903-83F9-5F92-E0826F24E60A}.Debug|Any CPU.ActiveCfg = Debug|Any CPU
		{CCE9111D-9903-83F9-5F92-E0826F24E60A}.Debug|Any CPU.Build.0 = Debug|Any CPU
		{CCE9111D-9903-83F9-5F92-E0826F24E60A}.Release|Any CPU.ActiveCfg = Release|Any CPU
		{CCE9111D-9903-83F9-5F92-E0826F24E60A}.Release|Any CPU.Build.0 = Release|Any CPU
	EndGlobalSection
	GlobalSection(SolutionProperties) = preSolution
		HideSolutionNode = FALSE
	EndGlobalSection
	GlobalSection(ExtensibilityGlobals) = postSolution
		SolutionGuid = {42CFBFFB-F89C-4016-A9FE-6DF84385DE96}
	EndGlobalSection
EndGlobal
